// !$*UTF8*$!
{
	archiveVersion = 1;
	classes = {
	};
	objectVersion = 46;
	objects = {

/* Begin PBXBuildFile section */
		31033A7F1BA3BB5F00DC9141 /* AppDelegate.swift in Sources */ = {isa = PBXBuildFile; fileRef = 31033A7E1BA3BB5F00DC9141 /* AppDelegate.swift */; };
		31033A971BA3BB5F00DC9141 /* Q2Tests.swift in Sources */ = {isa = PBXBuildFile; fileRef = 31033A961BA3BB5F00DC9141 /* Q2Tests.swift */; };
		31033AA61BA3BD0300DC9141 /* HomepageViewController.swift in Sources */ = {isa = PBXBuildFile; fileRef = 31033AA51BA3BD0300DC9141 /* HomepageViewController.swift */; };
		31033AAD1BA3EBE200DC9141 /* QuestionViewController.swift in Sources */ = {isa = PBXBuildFile; fileRef = 31033AAC1BA3EBE200DC9141 /* QuestionViewController.swift */; };
		31033AB11BA4096A00DC9141 /* Question.swift in Sources */ = {isa = PBXBuildFile; fileRef = 31033AB01BA4096A00DC9141 /* Question.swift */; };
		31033AB51BA4143400DC9141 /* RecordViewController.swift in Sources */ = {isa = PBXBuildFile; fileRef = 31033AB41BA4143400DC9141 /* RecordViewController.swift */; };
		31033AB71BA416C100DC9141 /* Record.swift in Sources */ = {isa = PBXBuildFile; fileRef = 31033AB61BA416C100DC9141 /* Record.swift */; };
		310FF0491CBF814A002750D7 /* Prismatic.swift in Sources */ = {isa = PBXBuildFile; fileRef = 310FF0481CBF814A002750D7 /* Prismatic.swift */; };
		311A89F21C62E80E00257A26 /* GrandientView.swift in Sources */ = {isa = PBXBuildFile; fileRef = 311A89F11C62E80E00257A26 /* GrandientView.swift */; };
		312DA30D1BB512DF00130A33 /* Images.xcassets in Resources */ = {isa = PBXBuildFile; fileRef = 312DA30C1BB512DF00130A33 /* Images.xcassets */; };
		3133711F1C84173100234E72 /* UIColor+CustomColor.swift in Sources */ = {isa = PBXBuildFile; fileRef = 3133711E1C84173100234E72 /* UIColor+CustomColor.swift */; };
		314DFCD31BA42A0900E79557 /* RecordCell.swift in Sources */ = {isa = PBXBuildFile; fileRef = 314DFCD21BA42A0900E79557 /* RecordCell.swift */; };
		314DFCD51BA42DE100E79557 /* ContentViewController.swift in Sources */ = {isa = PBXBuildFile; fileRef = 314DFCD41BA42DE100E79557 /* ContentViewController.swift */; };
		314DFCD71BA42E1B00E79557 /* DetailViewController.swift in Sources */ = {isa = PBXBuildFile; fileRef = 314DFCD61BA42E1B00E79557 /* DetailViewController.swift */; };
		314DFCD91BA42E3F00E79557 /* Catalog.swift in Sources */ = {isa = PBXBuildFile; fileRef = 314DFCD81BA42E3F00E79557 /* Catalog.swift */; };
		314DFCDB1BA42E7800E79557 /* Knowledge.swift in Sources */ = {isa = PBXBuildFile; fileRef = 314DFCDA1BA42E7800E79557 /* Knowledge.swift */; };
		314DFCDD1BA42EB400E79557 /* DescribeCell.xib in Resources */ = {isa = PBXBuildFile; fileRef = 314DFCDC1BA42EB400E79557 /* DescribeCell.xib */; };
		314DFCDF1BA42EBB00E79557 /* DescribeCell.swift in Sources */ = {isa = PBXBuildFile; fileRef = 314DFCDE1BA42EBB00E79557 /* DescribeCell.swift */; };
		314DFCE11BA42EC300E79557 /* ImageCell.xib in Resources */ = {isa = PBXBuildFile; fileRef = 314DFCE01BA42EC300E79557 /* ImageCell.xib */; };
		314DFCE31BA42EC900E79557 /* ImageCell.swift in Sources */ = {isa = PBXBuildFile; fileRef = 314DFCE21BA42EC900E79557 /* ImageCell.swift */; };
		314DFCE51BA42ECF00E79557 /* IntroCell.xib in Resources */ = {isa = PBXBuildFile; fileRef = 314DFCE41BA42ECF00E79557 /* IntroCell.xib */; };
		314DFCE71BA42ED400E79557 /* IntroCell.swift in Sources */ = {isa = PBXBuildFile; fileRef = 314DFCE61BA42ED400E79557 /* IntroCell.swift */; };
		314DFCEA1BA42F0E00E79557 /* HudView.swift in Sources */ = {isa = PBXBuildFile; fileRef = 314DFCE91BA42F0E00E79557 /* HudView.swift */; };
		314DFCEC1BA42F3D00E79557 /* View Generator.swift in Sources */ = {isa = PBXBuildFile; fileRef = 314DFCEB1BA42F3D00E79557 /* View Generator.swift */; };
		31523AA51BAFE9A100526881 /* right.caf in Resources */ = {isa = PBXBuildFile; fileRef = 31523AA31BAFE9A100526881 /* right.caf */; };
		31523AA61BAFE9A100526881 /* wrong.caf in Resources */ = {isa = PBXBuildFile; fileRef = 31523AA41BAFE9A100526881 /* wrong.caf */; };
		31710AE31C8D13C700E1E4E7 /* SupportProducts.swift in Sources */ = {isa = PBXBuildFile; fileRef = 31710AE21C8D13C700E1E4E7 /* SupportProducts.swift */; };
		31710AE51C8D13CD00E1E4E7 /* IAPHelper.swift in Sources */ = {isa = PBXBuildFile; fileRef = 31710AE41C8D13CD00E1E4E7 /* IAPHelper.swift */; };
		31710AE71C8D154900E1E4E7 /* HudView_1.swift in Sources */ = {isa = PBXBuildFile; fileRef = 31710AE61C8D154900E1E4E7 /* HudView_1.swift */; };
		318C11901BA5017400CA1EC9 /* AnsweredQAViewController.swift in Sources */ = {isa = PBXBuildFile; fileRef = 318C118F1BA5017400CA1EC9 /* AnsweredQAViewController.swift */; };
		318C11921BA5023200CA1EC9 /* AnsweredQACell.swift in Sources */ = {isa = PBXBuildFile; fileRef = 318C11911BA5023200CA1EC9 /* AnsweredQACell.swift */; };
		318C11941BA54C7D00CA1EC9 /* Global.swift in Sources */ = {isa = PBXBuildFile; fileRef = 318C11931BA54C7D00CA1EC9 /* Global.swift */; };
		31A492521BACE65C009077FD /* UIButton+genAnimation.swift in Sources */ = {isa = PBXBuildFile; fileRef = 31A492511BACE65C009077FD /* UIButton+genAnimation.swift */; };
		31D26E161C60A03900F74E02 /* Q_homePage_0.caf in Resources */ = {isa = PBXBuildFile; fileRef = 31D26E151C60A03900F74E02 /* Q_homePage_0.caf */; };
		31D26E181C617E8300F74E02 /* P_homePage_1.caf in Resources */ = {isa = PBXBuildFile; fileRef = 31D26E171C617E8300F74E02 /* P_homePage_1.caf */; };
		31D26E1A1C618AB900F74E02 /* Q_homePage_2.caf in Resources */ = {isa = PBXBuildFile; fileRef = 31D26E191C618AB900F74E02 /* Q_homePage_2.caf */; };
		31D61E541BA6B08D006A7034 /* Records.swift in Sources */ = {isa = PBXBuildFile; fileRef = 31D61E531BA6B08D006A7034 /* Records.swift */; };
		31D668FE1BA8055A00A21AF1 /* EquationViewController.swift in Sources */ = {isa = PBXBuildFile; fileRef = 31D668FD1BA8055A00A21AF1 /* EquationViewController.swift */; };
		31D669011BA80BE200A21AF1 /* EquationCell.swift in Sources */ = {isa = PBXBuildFile; fileRef = 31D669001BA80BE200A21AF1 /* EquationCell.swift */; };
		31E8CA1D1BAB923100C611C0 /* NumberTextField.swift in Sources */ = {isa = PBXBuildFile; fileRef = 31E8CA1C1BAB923100C611C0 /* NumberTextField.swift */; };
		31F9AC321C261CAB0072A116 /* NavigationController.swift in Sources */ = {isa = PBXBuildFile; fileRef = 31F9AC311C261CAB0072A116 /* NavigationController.swift */; };
		C302F35E1C5A132A0043E35D /* UIImage+ColorImage.swift in Sources */ = {isa = PBXBuildFile; fileRef = C302F35D1C5A132A0043E35D /* UIImage+ColorImage.swift */; };
		C316E0A21C5852D600E0F0DF /* Question+NumberInStack.swift in Sources */ = {isa = PBXBuildFile; fileRef = C316E0A11C5852D600E0F0DF /* Question+NumberInStack.swift */; };
		C329FDAD1C3BA96300BA1189 /* UINavigationController+FDFullscreenPopGesture.m in Sources */ = {isa = PBXBuildFile; fileRef = C329FDAC1C3BA96300BA1189 /* UINavigationController+FDFullscreenPopGesture.m */; };
		C3C0D6881C5EFF0A0081E6C2 /* SettingTableViewController.swift in Sources */ = {isa = PBXBuildFile; fileRef = C3C0D6871C5EFF0A0081E6C2 /* SettingTableViewController.swift */; };
/* End PBXBuildFile section */

/* Begin PBXContainerItemProxy section */
		31033A911BA3BB5F00DC9141 /* PBXContainerItemProxy */ = {
			isa = PBXContainerItemProxy;
			containerPortal = 31033A711BA3BB5F00DC9141 /* Project object */;
			proxyType = 1;
			remoteGlobalIDString = 31033A781BA3BB5F00DC9141;
			remoteInfo = Q2;
		};
/* End PBXContainerItemProxy section */

/* Begin PBXFileReference section */
		31033A791BA3BB5F00DC9141 /* 电工助手.app */ = {isa = PBXFileReference; explicitFileType = wrapper.application; includeInIndex = 0; path = "电工助手.app"; sourceTree = BUILT_PRODUCTS_DIR; };
		31033A7D1BA3BB5F00DC9141 /* Info.plist */ = {isa = PBXFileReference; lastKnownFileType = text.plist.xml; path = Info.plist; sourceTree = "<group>"; };
		31033A7E1BA3BB5F00DC9141 /* AppDelegate.swift */ = {isa = PBXFileReference; lastKnownFileType = sourcecode.swift; lineEnding = 0; path = AppDelegate.swift; sourceTree = "<group>"; xcLanguageSpecificationIdentifier = xcode.lang.swift; };
		31033A901BA3BB5F00DC9141 /* 电工助手.xctest */ = {isa = PBXFileReference; explicitFileType = wrapper.cfbundle; includeInIndex = 0; path = "电工助手.xctest"; sourceTree = BUILT_PRODUCTS_DIR; };
		31033A951BA3BB5F00DC9141 /* Info.plist */ = {isa = PBXFileReference; lastKnownFileType = text.plist.xml; path = Info.plist; sourceTree = "<group>"; };
		31033A961BA3BB5F00DC9141 /* Q2Tests.swift */ = {isa = PBXFileReference; lastKnownFileType = sourcecode.swift; path = Q2Tests.swift; sourceTree = "<group>"; };
		31033AA51BA3BD0300DC9141 /* HomepageViewController.swift */ = {isa = PBXFileReference; fileEncoding = 4; lastKnownFileType = sourcecode.swift; lineEnding = 0; path = HomepageViewController.swift; sourceTree = "<group>"; xcLanguageSpecificationIdentifier = xcode.lang.swift; };
		31033AAC1BA3EBE200DC9141 /* QuestionViewController.swift */ = {isa = PBXFileReference; fileEncoding = 4; lastKnownFileType = sourcecode.swift; lineEnding = 0; path = QuestionViewController.swift; sourceTree = "<group>"; xcLanguageSpecificationIdentifier = xcode.lang.swift; };
		31033AB01BA4096A00DC9141 /* Question.swift */ = {isa = PBXFileReference; fileEncoding = 4; lastKnownFileType = sourcecode.swift; path = Question.swift; sourceTree = "<group>"; };
		31033AB41BA4143400DC9141 /* RecordViewController.swift */ = {isa = PBXFileReference; fileEncoding = 4; lastKnownFileType = sourcecode.swift; lineEnding = 0; path = RecordViewController.swift; sourceTree = "<group>"; xcLanguageSpecificationIdentifier = xcode.lang.swift; };
		31033AB61BA416C100DC9141 /* Record.swift */ = {isa = PBXFileReference; fileEncoding = 4; lastKnownFileType = sourcecode.swift; path = Record.swift; sourceTree = "<group>"; };
		310FF0481CBF814A002750D7 /* Prismatic.swift */ = {isa = PBXFileReference; fileEncoding = 4; lastKnownFileType = sourcecode.swift; path = Prismatic.swift; sourceTree = "<group>"; };
		311A89F11C62E80E00257A26 /* GrandientView.swift */ = {isa = PBXFileReference; fileEncoding = 4; lastKnownFileType = sourcecode.swift; path = GrandientView.swift; sourceTree = "<group>"; };
		312DA30C1BB512DF00130A33 /* Images.xcassets */ = {isa = PBXFileReference; lastKnownFileType = folder.assetcatalog; path = Images.xcassets; sourceTree = "<group>"; };
		3133711E1C84173100234E72 /* UIColor+CustomColor.swift */ = {isa = PBXFileReference; fileEncoding = 4; lastKnownFileType = sourcecode.swift; path = "UIColor+CustomColor.swift"; sourceTree = "<group>"; };
		314DFCD21BA42A0900E79557 /* RecordCell.swift */ = {isa = PBXFileReference; fileEncoding = 4; lastKnownFileType = sourcecode.swift; lineEnding = 0; path = RecordCell.swift; sourceTree = "<group>"; xcLanguageSpecificationIdentifier = xcode.lang.swift; };
		314DFCD41BA42DE100E79557 /* ContentViewController.swift */ = {isa = PBXFileReference; fileEncoding = 4; lastKnownFileType = sourcecode.swift; lineEnding = 0; path = ContentViewController.swift; sourceTree = "<group>"; xcLanguageSpecificationIdentifier = xcode.lang.swift; };
		314DFCD61BA42E1B00E79557 /* DetailViewController.swift */ = {isa = PBXFileReference; fileEncoding = 4; lastKnownFileType = sourcecode.swift; lineEnding = 0; path = DetailViewController.swift; sourceTree = "<group>"; xcLanguageSpecificationIdentifier = xcode.lang.swift; };
		314DFCD81BA42E3F00E79557 /* Catalog.swift */ = {isa = PBXFileReference; fileEncoding = 4; lastKnownFileType = sourcecode.swift; lineEnding = 0; path = Catalog.swift; sourceTree = "<group>"; xcLanguageSpecificationIdentifier = xcode.lang.swift; };
		314DFCDA1BA42E7800E79557 /* Knowledge.swift */ = {isa = PBXFileReference; fileEncoding = 4; lastKnownFileType = sourcecode.swift; path = Knowledge.swift; sourceTree = "<group>"; };
		314DFCDC1BA42EB400E79557 /* DescribeCell.xib */ = {isa = PBXFileReference; fileEncoding = 4; lastKnownFileType = file.xib; path = DescribeCell.xib; sourceTree = "<group>"; };
		314DFCDE1BA42EBB00E79557 /* DescribeCell.swift */ = {isa = PBXFileReference; fileEncoding = 4; lastKnownFileType = sourcecode.swift; lineEnding = 0; path = DescribeCell.swift; sourceTree = "<group>"; xcLanguageSpecificationIdentifier = xcode.lang.swift; };
		314DFCE01BA42EC300E79557 /* ImageCell.xib */ = {isa = PBXFileReference; fileEncoding = 4; lastKnownFileType = file.xib; path = ImageCell.xib; sourceTree = "<group>"; };
		314DFCE21BA42EC900E79557 /* ImageCell.swift */ = {isa = PBXFileReference; fileEncoding = 4; lastKnownFileType = sourcecode.swift; lineEnding = 0; path = ImageCell.swift; sourceTree = "<group>"; xcLanguageSpecificationIdentifier = xcode.lang.swift; };
		314DFCE41BA42ECF00E79557 /* IntroCell.xib */ = {isa = PBXFileReference; fileEncoding = 4; lastKnownFileType = file.xib; path = IntroCell.xib; sourceTree = "<group>"; };
		314DFCE61BA42ED400E79557 /* IntroCell.swift */ = {isa = PBXFileReference; fileEncoding = 4; lastKnownFileType = sourcecode.swift; lineEnding = 0; path = IntroCell.swift; sourceTree = "<group>"; xcLanguageSpecificationIdentifier = xcode.lang.swift; };
		314DFCE91BA42F0E00E79557 /* HudView.swift */ = {isa = PBXFileReference; fileEncoding = 4; lastKnownFileType = sourcecode.swift; path = HudView.swift; sourceTree = "<group>"; };
		314DFCEB1BA42F3D00E79557 /* View Generator.swift */ = {isa = PBXFileReference; fileEncoding = 4; lastKnownFileType = sourcecode.swift; lineEnding = 0; path = "View Generator.swift"; sourceTree = "<group>"; xcLanguageSpecificationIdentifier = xcode.lang.swift; };
		31523AA31BAFE9A100526881 /* right.caf */ = {isa = PBXFileReference; lastKnownFileType = file; path = right.caf; sourceTree = "<group>"; };
		31523AA41BAFE9A100526881 /* wrong.caf */ = {isa = PBXFileReference; lastKnownFileType = file; path = wrong.caf; sourceTree = "<group>"; };
		31710AE21C8D13C700E1E4E7 /* SupportProducts.swift */ = {isa = PBXFileReference; fileEncoding = 4; lastKnownFileType = sourcecode.swift; path = SupportProducts.swift; sourceTree = "<group>"; };
		31710AE41C8D13CD00E1E4E7 /* IAPHelper.swift */ = {isa = PBXFileReference; fileEncoding = 4; lastKnownFileType = sourcecode.swift; path = IAPHelper.swift; sourceTree = "<group>"; };
		31710AE61C8D154900E1E4E7 /* HudView_1.swift */ = {isa = PBXFileReference; fileEncoding = 4; lastKnownFileType = sourcecode.swift; path = HudView_1.swift; sourceTree = "<group>"; };
		318C118F1BA5017400CA1EC9 /* AnsweredQAViewController.swift */ = {isa = PBXFileReference; fileEncoding = 4; lastKnownFileType = sourcecode.swift; lineEnding = 0; path = AnsweredQAViewController.swift; sourceTree = "<group>"; xcLanguageSpecificationIdentifier = xcode.lang.swift; };
		318C11911BA5023200CA1EC9 /* AnsweredQACell.swift */ = {isa = PBXFileReference; fileEncoding = 4; lastKnownFileType = sourcecode.swift; lineEnding = 0; path = AnsweredQACell.swift; sourceTree = "<group>"; xcLanguageSpecificationIdentifier = xcode.lang.swift; };
		318C11931BA54C7D00CA1EC9 /* Global.swift */ = {isa = PBXFileReference; fileEncoding = 4; lastKnownFileType = sourcecode.swift; lineEnding = 0; path = Global.swift; sourceTree = "<group>"; xcLanguageSpecificationIdentifier = xcode.lang.swift; };
		31A492511BACE65C009077FD /* UIButton+genAnimation.swift */ = {isa = PBXFileReference; fileEncoding = 4; lastKnownFileType = sourcecode.swift; path = "UIButton+genAnimation.swift"; sourceTree = "<group>"; };
		31D26E151C60A03900F74E02 /* Q_homePage_0.caf */ = {isa = PBXFileReference; lastKnownFileType = file; path = Q_homePage_0.caf; sourceTree = "<group>"; };
		31D26E171C617E8300F74E02 /* P_homePage_1.caf */ = {isa = PBXFileReference; lastKnownFileType = file; path = P_homePage_1.caf; sourceTree = "<group>"; };
		31D26E191C618AB900F74E02 /* Q_homePage_2.caf */ = {isa = PBXFileReference; lastKnownFileType = file; path = Q_homePage_2.caf; sourceTree = "<group>"; };
		31D61E531BA6B08D006A7034 /* Records.swift */ = {isa = PBXFileReference; fileEncoding = 4; lastKnownFileType = sourcecode.swift; path = Records.swift; sourceTree = "<group>"; };
		31D668FD1BA8055A00A21AF1 /* EquationViewController.swift */ = {isa = PBXFileReference; fileEncoding = 4; lastKnownFileType = sourcecode.swift; lineEnding = 0; path = EquationViewController.swift; sourceTree = "<group>"; xcLanguageSpecificationIdentifier = xcode.lang.swift; };
		31D669001BA80BE200A21AF1 /* EquationCell.swift */ = {isa = PBXFileReference; fileEncoding = 4; lastKnownFileType = sourcecode.swift; lineEnding = 0; path = EquationCell.swift; sourceTree = "<group>"; xcLanguageSpecificationIdentifier = xcode.lang.swift; };
		31E8CA1C1BAB923100C611C0 /* NumberTextField.swift */ = {isa = PBXFileReference; fileEncoding = 4; lastKnownFileType = sourcecode.swift; lineEnding = 0; path = NumberTextField.swift; sourceTree = "<group>"; xcLanguageSpecificationIdentifier = xcode.lang.swift; };
		31F9AC311C261CAB0072A116 /* NavigationController.swift */ = {isa = PBXFileReference; fileEncoding = 4; lastKnownFileType = sourcecode.swift; lineEnding = 0; path = NavigationController.swift; sourceTree = "<group>"; xcLanguageSpecificationIdentifier = xcode.lang.swift; };
		C302F35D1C5A132A0043E35D /* UIImage+ColorImage.swift */ = {isa = PBXFileReference; fileEncoding = 4; lastKnownFileType = sourcecode.swift; path = "UIImage+ColorImage.swift"; sourceTree = "<group>"; };
		C316E0A11C5852D600E0F0DF /* Question+NumberInStack.swift */ = {isa = PBXFileReference; fileEncoding = 4; lastKnownFileType = sourcecode.swift; path = "Question+NumberInStack.swift"; sourceTree = "<group>"; };
		C329FDAA1C3BA96300BA1189 /* 电工助手-Bridging-Header.h */ = {isa = PBXFileReference; lastKnownFileType = sourcecode.c.h; path = "电工助手-Bridging-Header.h"; sourceTree = "<group>"; };
		C329FDAB1C3BA96300BA1189 /* UINavigationController+FDFullscreenPopGesture.h */ = {isa = PBXFileReference; fileEncoding = 4; lastKnownFileType = sourcecode.c.h; path = "UINavigationController+FDFullscreenPopGesture.h"; sourceTree = "<group>"; };
		C329FDAC1C3BA96300BA1189 /* UINavigationController+FDFullscreenPopGesture.m */ = {isa = PBXFileReference; fileEncoding = 4; lastKnownFileType = sourcecode.c.objc; path = "UINavigationController+FDFullscreenPopGesture.m"; sourceTree = "<group>"; };
		C3C0D6871C5EFF0A0081E6C2 /* SettingTableViewController.swift */ = {isa = PBXFileReference; fileEncoding = 4; lastKnownFileType = sourcecode.swift; path = SettingTableViewController.swift; sourceTree = "<group>"; };
/* End PBXFileReference section */

/* Begin PBXFrameworksBuildPhase section */
		31033A761BA3BB5F00DC9141 /* Frameworks */ = {
			isa = PBXFrameworksBuildPhase;
			buildActionMask = 2147483647;
			files = (
			);
			runOnlyForDeploymentPostprocessing = 0;
		};
		31033A8D1BA3BB5F00DC9141 /* Frameworks */ = {
			isa = PBXFrameworksBuildPhase;
			buildActionMask = 2147483647;
			files = (
			);
			runOnlyForDeploymentPostprocessing = 0;
		};
/* End PBXFrameworksBuildPhase section */

/* Begin PBXGroup section */
		31033A701BA3BB5F00DC9141 = {
			isa = PBXGroup;
			children = (
				31033A7B1BA3BB5F00DC9141 /* ElectricicanHelper */,
				31033A931BA3BB5F00DC9141 /* Q2Tests */,
				31033A7A1BA3BB5F00DC9141 /* Products */,
			);
			sourceTree = "<group>";
		};
		31033A7A1BA3BB5F00DC9141 /* Products */ = {
			isa = PBXGroup;
			children = (
				31033A791BA3BB5F00DC9141 /* 电工助手.app */,
				31033A901BA3BB5F00DC9141 /* 电工助手.xctest */,
			);
			name = Products;
			sourceTree = "<group>";
		};
		31033A7B1BA3BB5F00DC9141 /* ElectricicanHelper */ = {
			isa = PBXGroup;
			children = (
				3133711C1C84168E00234E72 /* Global */,
				313371181C8414EC00234E72 /* Controller */,
				313371191C8415DB00234E72 /* View */,
				3133711A1C8415EC00234E72 /* Model */,
				31710AE11C8D139D00E1E4E7 /* Purchase */,
				3133711B1C84165C00234E72 /* Extension */,
				3133711D1C8416B000234E72 /* Resources */,
			);
			name = ElectricicanHelper;
			path = Q2;
			sourceTree = "<group>";
		};
		31033A931BA3BB5F00DC9141 /* Q2Tests */ = {
			isa = PBXGroup;
			children = (
				31033A961BA3BB5F00DC9141 /* Q2Tests.swift */,
				31033A941BA3BB5F00DC9141 /* Supporting Files */,
			);
			path = Q2Tests;
			sourceTree = "<group>";
		};
		31033A941BA3BB5F00DC9141 /* Supporting Files */ = {
			isa = PBXGroup;
			children = (
				31033A951BA3BB5F00DC9141 /* Info.plist */,
			);
			name = "Supporting Files";
			sourceTree = "<group>";
		};
		31033AAE1BA4093C00DC9141 /* Test Controller */ = {
			isa = PBXGroup;
			children = (
				31033AAC1BA3EBE200DC9141 /* QuestionViewController.swift */,
				31033AB41BA4143400DC9141 /* RecordViewController.swift */,
				318C118F1BA5017400CA1EC9 /* AnsweredQAViewController.swift */,
			);
			name = "Test Controller";
			sourceTree = "<group>";
		};
		313371181C8414EC00234E72 /* Controller */ = {
			isa = PBXGroup;
			children = (
				31F9AC311C261CAB0072A116 /* NavigationController.swift */,
				31033AA51BA3BD0300DC9141 /* HomepageViewController.swift */,
				C3C0D6871C5EFF0A0081E6C2 /* SettingTableViewController.swift */,
				318C118D1BA4EAB000CA1EC9 /* Info Controller */,
				31033AAE1BA4093C00DC9141 /* Test Controller */,
				31D668FC1BA7FEBC00A21AF1 /* Scale Controller */,
			);
			name = Controller;
			sourceTree = "<group>";
		};
		313371191C8415DB00234E72 /* View */ = {
			isa = PBXGroup;
			children = (
				314DFCEB1BA42F3D00E79557 /* View Generator.swift */,
				310FF0481CBF814A002750D7 /* Prismatic.swift */,
				314DFCE91BA42F0E00E79557 /* HudView.swift */,
				31710AE61C8D154900E1E4E7 /* HudView_1.swift */,
				311A89F11C62E80E00257A26 /* GrandientView.swift */,
				314DFCE81BA42EE100E79557 /* Info View */,
				314DFCD11BA429F400E79557 /* Test View */,
				31D668FF1BA80BCE00A21AF1 /* Scale View */,
			);
			name = View;
			sourceTree = "<group>";
		};
		3133711A1C8415EC00234E72 /* Model */ = {
			isa = PBXGroup;
			children = (
				314DFCDA1BA42E7800E79557 /* Knowledge.swift */,
				314DFCD81BA42E3F00E79557 /* Catalog.swift */,
				31033AB01BA4096A00DC9141 /* Question.swift */,
				C316E0A11C5852D600E0F0DF /* Question+NumberInStack.swift */,
				31D61E531BA6B08D006A7034 /* Records.swift */,
				31033AB61BA416C100DC9141 /* Record.swift */,
			);
			name = Model;
			sourceTree = "<group>";
		};
		3133711B1C84165C00234E72 /* Extension */ = {
			isa = PBXGroup;
			children = (
				31A492511BACE65C009077FD /* UIButton+genAnimation.swift */,
				C302F35D1C5A132A0043E35D /* UIImage+ColorImage.swift */,
				3133711E1C84173100234E72 /* UIColor+CustomColor.swift */,
				C329FDAB1C3BA96300BA1189 /* UINavigationController+FDFullscreenPopGesture.h */,
				C329FDAC1C3BA96300BA1189 /* UINavigationController+FDFullscreenPopGesture.m */,
			);
			name = Extension;
			sourceTree = "<group>";
		};
		3133711C1C84168E00234E72 /* Global */ = {
			isa = PBXGroup;
			children = (
				31033A7E1BA3BB5F00DC9141 /* AppDelegate.swift */,
				318C11931BA54C7D00CA1EC9 /* Global.swift */,
				31033A7D1BA3BB5F00DC9141 /* Info.plist */,
				C329FDAA1C3BA96300BA1189 /* 电工助手-Bridging-Header.h */,
			);
			name = Global;
			sourceTree = "<group>";
		};
		3133711D1C8416B000234E72 /* Resources */ = {
			isa = PBXGroup;
			children = (
				312DA30C1BB512DF00130A33 /* Images.xcassets */,
				31523AA21BAFE9A100526881 /* Sound5.0 */,
			);
			name = Resources;
			sourceTree = "<group>";
		};
		314DFCD11BA429F400E79557 /* Test View */ = {
			isa = PBXGroup;
			children = (
				314DFCD21BA42A0900E79557 /* RecordCell.swift */,
				318C11911BA5023200CA1EC9 /* AnsweredQACell.swift */,
			);
			name = "Test View";
			sourceTree = "<group>";
		};
		314DFCE81BA42EE100E79557 /* Info View */ = {
			isa = PBXGroup;
			children = (
				314DFCDC1BA42EB400E79557 /* DescribeCell.xib */,
				314DFCDE1BA42EBB00E79557 /* DescribeCell.swift */,
				314DFCE01BA42EC300E79557 /* ImageCell.xib */,
				314DFCE21BA42EC900E79557 /* ImageCell.swift */,
				314DFCE41BA42ECF00E79557 /* IntroCell.xib */,
				314DFCE61BA42ED400E79557 /* IntroCell.swift */,
			);
			name = "Info View";
			sourceTree = "<group>";
		};
		31523AA21BAFE9A100526881 /* Sound5.0 */ = {
			isa = PBXGroup;
			children = (
				31523AA31BAFE9A100526881 /* right.caf */,
				31523AA41BAFE9A100526881 /* wrong.caf */,
				31D26E151C60A03900F74E02 /* Q_homePage_0.caf */,
				31D26E171C617E8300F74E02 /* P_homePage_1.caf */,
				31D26E191C618AB900F74E02 /* Q_homePage_2.caf */,
			);
			path = Sound5.0;
			sourceTree = "<group>";
		};
		31710AE11C8D139D00E1E4E7 /* Purchase */ = {
			isa = PBXGroup;
			children = (
				31710AE21C8D13C700E1E4E7 /* SupportProducts.swift */,
				31710AE41C8D13CD00E1E4E7 /* IAPHelper.swift */,
			);
			name = Purchase;
			sourceTree = "<group>";
		};
		318C118D1BA4EAB000CA1EC9 /* Info Controller */ = {
			isa = PBXGroup;
			children = (
				314DFCD41BA42DE100E79557 /* ContentViewController.swift */,
				314DFCD61BA42E1B00E79557 /* DetailViewController.swift */,
			);
			name = "Info Controller";
			sourceTree = "<group>";
		};
		31D668FC1BA7FEBC00A21AF1 /* Scale Controller */ = {
			isa = PBXGroup;
			children = (
				31D668FD1BA8055A00A21AF1 /* EquationViewController.swift */,
			);
			name = "Scale Controller";
			sourceTree = "<group>";
		};
		31D668FF1BA80BCE00A21AF1 /* Scale View */ = {
			isa = PBXGroup;
			children = (
				31D669001BA80BE200A21AF1 /* EquationCell.swift */,
				31E8CA1C1BAB923100C611C0 /* NumberTextField.swift */,
			);
			name = "Scale View";
			sourceTree = "<group>";
		};
/* End PBXGroup section */

/* Begin PBXNativeTarget section */
		31033A781BA3BB5F00DC9141 /* 电工助手 */ = {
			isa = PBXNativeTarget;
			buildConfigurationList = 31033A9A1BA3BB5F00DC9141 /* Build configuration list for PBXNativeTarget "电工助手" */;
			buildPhases = (
				31033A751BA3BB5F00DC9141 /* Sources */,
				31033A761BA3BB5F00DC9141 /* Frameworks */,
				31033A771BA3BB5F00DC9141 /* Resources */,
			);
			buildRules = (
			);
			dependencies = (
			);
			name = "电工助手";
			productName = Q2;
			productReference = 31033A791BA3BB5F00DC9141 /* 电工助手.app */;
			productType = "com.apple.product-type.application";
		};
		31033A8F1BA3BB5F00DC9141 /* 电工助手Tests */ = {
			isa = PBXNativeTarget;
			buildConfigurationList = 31033A9D1BA3BB5F00DC9141 /* Build configuration list for PBXNativeTarget "电工助手Tests" */;
			buildPhases = (
				31033A8C1BA3BB5F00DC9141 /* Sources */,
				31033A8D1BA3BB5F00DC9141 /* Frameworks */,
				31033A8E1BA3BB5F00DC9141 /* Resources */,
			);
			buildRules = (
			);
			dependencies = (
				31033A921BA3BB5F00DC9141 /* PBXTargetDependency */,
			);
			name = "电工助手Tests";
			productName = Q2Tests;
			productReference = 31033A901BA3BB5F00DC9141 /* 电工助手.xctest */;
			productType = "com.apple.product-type.bundle.unit-test";
		};
/* End PBXNativeTarget section */

/* Begin PBXProject section */
		31033A711BA3BB5F00DC9141 /* Project object */ = {
			isa = PBXProject;
			attributes = {
				LastSwiftMigration = 0700;
				LastSwiftUpdateCheck = 0720;
				LastUpgradeCheck = 0710;
				ORGANIZATIONNAME = xiaoyao;
				TargetAttributes = {
					31033A781BA3BB5F00DC9141 = {
						CreatedOnToolsVersion = 6.4;
						DevelopmentTeam = 9VT3ZYNA9Y;
					};
					31033A8F1BA3BB5F00DC9141 = {
						CreatedOnToolsVersion = 6.4;
						TestTargetID = 31033A781BA3BB5F00DC9141;
					};
				};
			};
			buildConfigurationList = 31033A741BA3BB5F00DC9141 /* Build configuration list for PBXProject "电工助手" */;
			compatibilityVersion = "Xcode 3.2";
			developmentRegion = English;
			hasScannedForEncodings = 0;
			knownRegions = (
				en,
				Base,
			);
			mainGroup = 31033A701BA3BB5F00DC9141;
			productRefGroup = 31033A7A1BA3BB5F00DC9141 /* Products */;
			projectDirPath = "";
			projectRoot = "";
			targets = (
				31033A781BA3BB5F00DC9141 /* 电工助手 */,
				31033A8F1BA3BB5F00DC9141 /* 电工助手Tests */,
			);
		};
/* End PBXProject section */

/* Begin PBXResourcesBuildPhase section */
		31033A771BA3BB5F00DC9141 /* Resources */ = {
			isa = PBXResourcesBuildPhase;
			buildActionMask = 2147483647;
			files = (
				314DFCE11BA42EC300E79557 /* ImageCell.xib in Resources */,
				31D26E161C60A03900F74E02 /* Q_homePage_0.caf in Resources */,
				314DFCDD1BA42EB400E79557 /* DescribeCell.xib in Resources */,
				314DFCE51BA42ECF00E79557 /* IntroCell.xib in Resources */,
				31D26E1A1C618AB900F74E02 /* Q_homePage_2.caf in Resources */,
				312DA30D1BB512DF00130A33 /* Images.xcassets in Resources */,
				31D26E181C617E8300F74E02 /* P_homePage_1.caf in Resources */,
				31523AA51BAFE9A100526881 /* right.caf in Resources */,
				31523AA61BAFE9A100526881 /* wrong.caf in Resources */,
			);
			runOnlyForDeploymentPostprocessing = 0;
		};
		31033A8E1BA3BB5F00DC9141 /* Resources */ = {
			isa = PBXResourcesBuildPhase;
			buildActionMask = 2147483647;
			files = (
			);
			runOnlyForDeploymentPostprocessing = 0;
		};
/* End PBXResourcesBuildPhase section */

/* Begin PBXSourcesBuildPhase section */
		31033A751BA3BB5F00DC9141 /* Sources */ = {
			isa = PBXSourcesBuildPhase;
			buildActionMask = 2147483647;
			files = (
				314DFCD71BA42E1B00E79557 /* DetailViewController.swift in Sources */,
				31710AE31C8D13C700E1E4E7 /* SupportProducts.swift in Sources */,
				C302F35E1C5A132A0043E35D /* UIImage+ColorImage.swift in Sources */,
				318C11921BA5023200CA1EC9 /* AnsweredQACell.swift in Sources */,
				31A492521BACE65C009077FD /* UIButton+genAnimation.swift in Sources */,
				31033A7F1BA3BB5F00DC9141 /* AppDelegate.swift in Sources */,
				31033AB11BA4096A00DC9141 /* Question.swift in Sources */,
				31033AB71BA416C100DC9141 /* Record.swift in Sources */,
				31F9AC321C261CAB0072A116 /* NavigationController.swift in Sources */,
				314DFCD51BA42DE100E79557 /* ContentViewController.swift in Sources */,
				31E8CA1D1BAB923100C611C0 /* NumberTextField.swift in Sources */,
				314DFCE31BA42EC900E79557 /* ImageCell.swift in Sources */,
				31D61E541BA6B08D006A7034 /* Records.swift in Sources */,
				C316E0A21C5852D600E0F0DF /* Question+NumberInStack.swift in Sources */,
				31033AB51BA4143400DC9141 /* RecordViewController.swift in Sources */,
				311A89F21C62E80E00257A26 /* GrandientView.swift in Sources */,
				314DFCD31BA42A0900E79557 /* RecordCell.swift in Sources */,
				314DFCEC1BA42F3D00E79557 /* View Generator.swift in Sources */,
				31710AE71C8D154900E1E4E7 /* HudView_1.swift in Sources */,
				31033AAD1BA3EBE200DC9141 /* QuestionViewController.swift in Sources */,
				C3C0D6881C5EFF0A0081E6C2 /* SettingTableViewController.swift in Sources */,
				314DFCDB1BA42E7800E79557 /* Knowledge.swift in Sources */,
				31D669011BA80BE200A21AF1 /* EquationCell.swift in Sources */,
				31710AE51C8D13CD00E1E4E7 /* IAPHelper.swift in Sources */,
				314DFCE71BA42ED400E79557 /* IntroCell.swift in Sources */,
				31033AA61BA3BD0300DC9141 /* HomepageViewController.swift in Sources */,
				31D668FE1BA8055A00A21AF1 /* EquationViewController.swift in Sources */,
				C329FDAD1C3BA96300BA1189 /* UINavigationController+FDFullscreenPopGesture.m in Sources */,
				314DFCD91BA42E3F00E79557 /* Catalog.swift in Sources */,
				310FF0491CBF814A002750D7 /* Prismatic.swift in Sources */,
				318C11901BA5017400CA1EC9 /* AnsweredQAViewController.swift in Sources */,
				318C11941BA54C7D00CA1EC9 /* Global.swift in Sources */,
				3133711F1C84173100234E72 /* UIColor+CustomColor.swift in Sources */,
				314DFCDF1BA42EBB00E79557 /* DescribeCell.swift in Sources */,
				314DFCEA1BA42F0E00E79557 /* HudView.swift in Sources */,
			);
			runOnlyForDeploymentPostprocessing = 0;
		};
		31033A8C1BA3BB5F00DC9141 /* Sources */ = {
			isa = PBXSourcesBuildPhase;
			buildActionMask = 2147483647;
			files = (
				31033A971BA3BB5F00DC9141 /* Q2Tests.swift in Sources */,
			);
			runOnlyForDeploymentPostprocessing = 0;
		};
/* End PBXSourcesBuildPhase section */

/* Begin PBXTargetDependency section */
		31033A921BA3BB5F00DC9141 /* PBXTargetDependency */ = {
			isa = PBXTargetDependency;
			target = 31033A781BA3BB5F00DC9141 /* 电工助手 */;
			targetProxy = 31033A911BA3BB5F00DC9141 /* PBXContainerItemProxy */;
		};
/* End PBXTargetDependency section */

/* Begin XCBuildConfiguration section */
		31033A981BA3BB5F00DC9141 /* Debug */ = {
			isa = XCBuildConfiguration;
			buildSettings = {
				ALWAYS_SEARCH_USER_PATHS = NO;
				CLANG_CXX_LANGUAGE_STANDARD = "gnu++0x";
				CLANG_CXX_LIBRARY = "libc++";
				CLANG_ENABLE_MODULES = YES;
				CLANG_ENABLE_OBJC_ARC = YES;
				CLANG_WARN_BOOL_CONVERSION = YES;
				CLANG_WARN_CONSTANT_CONVERSION = YES;
				CLANG_WARN_DIRECT_OBJC_ISA_USAGE = YES_ERROR;
				CLANG_WARN_EMPTY_BODY = YES;
				CLANG_WARN_ENUM_CONVERSION = YES;
				CLANG_WARN_INT_CONVERSION = YES;
				CLANG_WARN_OBJC_ROOT_CLASS = YES_ERROR;
				CLANG_WARN_UNREACHABLE_CODE = YES;
				CLANG_WARN__DUPLICATE_METHOD_MATCH = YES;
				"CODE_SIGN_IDENTITY[sdk=iphoneos*]" = "iPhone Developer";
				COPY_PHASE_STRIP = NO;
				DEBUG_INFORMATION_FORMAT = "dwarf-with-dsym";
				ENABLE_STRICT_OBJC_MSGSEND = YES;
				ENABLE_TESTABILITY = YES;
				GCC_C_LANGUAGE_STANDARD = gnu99;
				GCC_DYNAMIC_NO_PIC = NO;
				GCC_NO_COMMON_BLOCKS = YES;
				GCC_OPTIMIZATION_LEVEL = 0;
				GCC_PREPROCESSOR_DEFINITIONS = (
					"DEBUG=1",
					"$(inherited)",
				);
				GCC_SYMBOLS_PRIVATE_EXTERN = NO;
				GCC_WARN_64_TO_32_BIT_CONVERSION = YES;
				GCC_WARN_ABOUT_RETURN_TYPE = YES_ERROR;
				GCC_WARN_UNDECLARED_SELECTOR = YES;
				GCC_WARN_UNINITIALIZED_AUTOS = YES_AGGRESSIVE;
				GCC_WARN_UNUSED_FUNCTION = YES;
				GCC_WARN_UNUSED_VARIABLE = YES;
				IPHONEOS_DEPLOYMENT_TARGET = 9.1;
				MTL_ENABLE_DEBUG_INFO = YES;
				ONLY_ACTIVE_ARCH = YES;
				SDKROOT = iphoneos;
				SWIFT_OPTIMIZATION_LEVEL = "-Onone";
			};
			name = Debug;
		};
		31033A991BA3BB5F00DC9141 /* Release */ = {
			isa = XCBuildConfiguration;
			buildSettings = {
				ALWAYS_SEARCH_USER_PATHS = NO;
				CLANG_CXX_LANGUAGE_STANDARD = "gnu++0x";
				CLANG_CXX_LIBRARY = "libc++";
				CLANG_ENABLE_MODULES = YES;
				CLANG_ENABLE_OBJC_ARC = YES;
				CLANG_WARN_BOOL_CONVERSION = YES;
				CLANG_WARN_CONSTANT_CONVERSION = YES;
				CLANG_WARN_DIRECT_OBJC_ISA_USAGE = YES_ERROR;
				CLANG_WARN_EMPTY_BODY = YES;
				CLANG_WARN_ENUM_CONVERSION = YES;
				CLANG_WARN_INT_CONVERSION = YES;
				CLANG_WARN_OBJC_ROOT_CLASS = YES_ERROR;
				CLANG_WARN_UNREACHABLE_CODE = YES;
				CLANG_WARN__DUPLICATE_METHOD_MATCH = YES;
				"CODE_SIGN_IDENTITY[sdk=iphoneos*]" = "iPhone Developer";
				COPY_PHASE_STRIP = NO;
				DEBUG_INFORMATION_FORMAT = "dwarf-with-dsym";
				ENABLE_NS_ASSERTIONS = NO;
				ENABLE_STRICT_OBJC_MSGSEND = YES;
				GCC_C_LANGUAGE_STANDARD = gnu99;
				GCC_NO_COMMON_BLOCKS = YES;
				GCC_WARN_64_TO_32_BIT_CONVERSION = YES;
				GCC_WARN_ABOUT_RETURN_TYPE = YES_ERROR;
				GCC_WARN_UNDECLARED_SELECTOR = YES;
				GCC_WARN_UNINITIALIZED_AUTOS = YES_AGGRESSIVE;
				GCC_WARN_UNUSED_FUNCTION = YES;
				GCC_WARN_UNUSED_VARIABLE = YES;
				IPHONEOS_DEPLOYMENT_TARGET = 9.1;
				MTL_ENABLE_DEBUG_INFO = NO;
				SDKROOT = iphoneos;
				VALIDATE_PRODUCT = YES;
			};
			name = Release;
		};
		31033A9B1BA3BB5F00DC9141 /* Debug */ = {
			isa = XCBuildConfiguration;
			buildSettings = {
				ASSETCATALOG_COMPILER_APPICON_NAME = AppIcon;
				ASSETCATALOG_COMPILER_LAUNCHIMAGE_NAME = BrandAsset;
				CLANG_ENABLE_MODULES = YES;
				CODE_SIGN_IDENTITY = "iPhone Developer";
				"CODE_SIGN_IDENTITY[sdk=iphoneos*]" = "iPhone Developer";
				INFOPLIST_FILE = Q2/Info.plist;
				LD_RUNPATH_SEARCH_PATHS = "$(inherited) @executable_path/Frameworks";
				PRODUCT_BUNDLE_IDENTIFIER = com.xiaoyao.ElectricicanHelper;
				PRODUCT_NAME = "电工助手";
				PROVISIONING_PROFILE = "";
				SWIFT_OBJC_BRIDGING_HEADER = "Q2/电工助手-Bridging-Header.h";
				SWIFT_OPTIMIZATION_LEVEL = "-Onone";
				TARGETED_DEVICE_FAMILY = 1;
			};
			name = Debug;
		};
		31033A9C1BA3BB5F00DC9141 /* Release */ = {
			isa = XCBuildConfiguration;
			buildSettings = {
				ASSETCATALOG_COMPILER_APPICON_NAME = AppIcon;
				ASSETCATALOG_COMPILER_LAUNCHIMAGE_NAME = BrandAsset;
				CLANG_ENABLE_MODULES = YES;
				CODE_SIGN_IDENTITY = "iPhone Developer";
				"CODE_SIGN_IDENTITY[sdk=iphoneos*]" = "iPhone Developer";
				INFOPLIST_FILE = Q2/Info.plist;
				LD_RUNPATH_SEARCH_PATHS = "$(inherited) @executable_path/Frameworks";
				PRODUCT_BUNDLE_IDENTIFIER = com.xiaoyao.ElectricicanHelper;
				PRODUCT_NAME = "电工助手";
				PROVISIONING_PROFILE = "";
				SWIFT_OBJC_BRIDGING_HEADER = "Q2/电工助手-Bridging-Header.h";
				TARGETED_DEVICE_FAMILY = 1;
			};
			name = Release;
		};
		31033A9E1BA3BB5F00DC9141 /* Debug */ = {
			isa = XCBuildConfiguration;
			buildSettings = {
				BUNDLE_LOADER = "$(TEST_HOST)";
				FRAMEWORK_SEARCH_PATHS = "";
				GCC_PREPROCESSOR_DEFINITIONS = (
					"DEBUG=1",
					"$(inherited)",
				);
				INFOPLIST_FILE = Q2Tests/Info.plist;
				LD_RUNPATH_SEARCH_PATHS = "$(inherited) @executable_path/Frameworks @loader_path/Frameworks";
				PRODUCT_BUNDLE_IDENTIFIER = "myname.com.$(PRODUCT_NAME:rfc1034identifier)";
				PRODUCT_NAME = "电工助手";
				TEST_HOST = "$(BUILT_PRODUCTS_DIR)/电工助手.app/电工助手";
			};
			name = Debug;
		};
		31033A9F1BA3BB5F00DC9141 /* Release */ = {
			isa = XCBuildConfiguration;
			buildSettings = {
				BUNDLE_LOADER = "$(TEST_HOST)";
				FRAMEWORK_SEARCH_PATHS = "";
				INFOPLIST_FILE = Q2Tests/Info.plist;
				LD_RUNPATH_SEARCH_PATHS = "$(inherited) @executable_path/Frameworks @loader_path/Frameworks";
				PRODUCT_BUNDLE_IDENTIFIER = "myname.com.$(PRODUCT_NAME:rfc1034identifier)";
				PRODUCT_NAME = "电工助手";
				TEST_HOST = "$(BUILT_PRODUCTS_DIR)/电工助手.app/电工助手";
			};
			name = Release;
		};
/* End XCBuildConfiguration section */

/* Begin XCConfigurationList section */
		31033A741BA3BB5F00DC9141 /* Build configuration list for PBXProject "电工助手" */ = {
			isa = XCConfigurationList;
			buildConfigurations = (
				31033A981BA3BB5F00DC9141 /* Debug */,
				31033A991BA3BB5F00DC9141 /* Release */,
			);
			defaultConfigurationIsVisible = 0;
			defaultConfigurationName = Release;
		};
		31033A9A1BA3BB5F00DC9141 /* Build configuration list for PBXNativeTarget "电工助手" */ = {
			isa = XCConfigurationList;
			buildConfigurations = (
				31033A9B1BA3BB5F00DC9141 /* Debug */,
				31033A9C1BA3BB5F00DC9141 /* Release */,
			);
			defaultConfigurationIsVisible = 0;
			defaultConfigurationName = Release;
		};
		31033A9D1BA3BB5F00DC9141 /* Build configuration list for PBXNativeTarget "电工助手Tests" */ = {
			isa = XCConfigurationList;
			buildConfigurations = (
				31033A9E1BA3BB5F00DC9141 /* Debug */,
				31033A9F1BA3BB5F00DC9141 /* Release */,
			);
			defaultConfigurationIsVisible = 0;
			defaultConfigurationName = Release;
		};
/* End XCConfigurationList section */
	};
	rootObject = 31033A711BA3BB5F00DC9141 /* Project object */;
}
